
Microsoft Visual Studio Solution File, Format Version 12.00
# Visual Studio Version 17
VisualStudioVersion = 17.7.34024.191
MinimumVisualStudioVersion = 10.0.40219.1
Project("{FAE04EC0-301F-11D3-BF4B-00C04F79EFBC}") = "GuiMGP", "GuiMGP\GuiMGP.csproj", "{D5F2D60D-AFEA-45D8-8B11-38551F71587B}"
EndProject
Global
	GlobalSection(SolutionConfigurationPlatforms) = preSolution
		Debug|Any CPU = Debug|Any CPU
		Release|Any CPU = Release|Any CPU
	EndGlobalSection
	GlobalSection(ProjectConfigurationPlatforms) = postSolution
		{D5F2D60D-AFEA-45D8-8B11-38551F71587B}.Debug|Any CPU.ActiveCfg = Debug|Any CPU
		{D5F2D60D-AFEA-45D8-8B11-38551F71587B}.Debug|Any CPU.Build.0 = Debug|Any CPU
		{D5F2D60D-AFEA-45D8-8B11-38551F71587B}.Release|Any CPU.ActiveCfg = Release|Any CPU
		{D5F2D60D-AFEA-45D8-8B11-38551F71587B}.Release|Any CPU.Build.0 = Release|Any CPU
	EndGlobalSection
	GlobalSection(SolutionProperties) = preSolution
		HideSolutionNode = FALSE
	EndGlobalSection
	GlobalSection(ExtensibilityGlobals) = postSolution
		SolutionGuid = {A22E556C-FC0D-4675-BD4E-9FEF360F5D60}
	EndGlobalSection
EndGlobal
